// !$*UTF8*$!
{
	archiveVersion = 1;
	classes = {
	};
	objectVersion = 48;
	objects = {

/* Begin PBXBuildFile section */
		A2D8E2AF2092FEBE00BBEA1A /* AppDelegate.swift in Sources */ = {isa = PBXBuildFile; fileRef = A2D8E2AE2092FEBE00BBEA1A /* AppDelegate.swift */; };
		A2D8E2B12092FEBE00BBEA1A /* ViewController.swift in Sources */ = {isa = PBXBuildFile; fileRef = A2D8E2B02092FEBE00BBEA1A /* ViewController.swift */; };
		A2D8E2B42092FEBE00BBEA1A /* Main.storyboard in Resources */ = {isa = PBXBuildFile; fileRef = A2D8E2B22092FEBE00BBEA1A /* Main.storyboard */; };
		A2D8E2B72092FEBE00BBEA1A /* LocationTracker.xcdatamodeld in Sources */ = {isa = PBXBuildFile; fileRef = A2D8E2B52092FEBE00BBEA1A /* LocationTracker.xcdatamodeld */; };
		A2D8E2B92092FEBE00BBEA1A /* Assets.xcassets in Resources */ = {isa = PBXBuildFile; fileRef = A2D8E2B82092FEBE00BBEA1A /* Assets.xcassets */; };
		A2D8E2BC2092FEBE00BBEA1A /* LaunchScreen.storyboard in Resources */ = {isa = PBXBuildFile; fileRef = A2D8E2BA2092FEBE00BBEA1A /* LaunchScreen.storyboard */; };
/* End PBXBuildFile section */

/* Begin PBXFileReference section */
		A2D8E2AB2092FEBE00BBEA1A /* LocationTracker.app */ = {isa = PBXFileReference; explicitFileType = wrapper.application; includeInIndex = 0; path = LocationTracker.app; sourceTree = BUILT_PRODUCTS_DIR; };
		A2D8E2AE2092FEBE00BBEA1A /* AppDelegate.swift */ = {isa = PBXFileReference; lastKnownFileType = sourcecode.swift; path = AppDelegate.swift; sourceTree = "<group>"; };
		A2D8E2B02092FEBE00BBEA1A /* ViewController.swift */ = {isa = PBXFileReference; lastKnownFileType = sourcecode.swift; path = ViewController.swift; sourceTree = "<group>"; };
		A2D8E2B32092FEBE00BBEA1A /* Base */ = {isa = PBXFileReference; lastKnownFileType = file.storyboard; name = Base; path = Base.lproj/Main.storyboard; sourceTree = "<group>"; };
		A2D8E2B62092FEBE00BBEA1A /* LocationTracker.xcdatamodel */ = {isa = PBXFileReference; lastKnownFileType = wrapper.xcdatamodel; path = LocationTracker.xcdatamodel; sourceTree = "<group>"; };
		A2D8E2B82092FEBE00BBEA1A /* Assets.xcassets */ = {isa = PBXFileReference; lastKnownFileType = folder.assetcatalog; path = Assets.xcassets; sourceTree = "<group>"; };
		A2D8E2BB2092FEBE00BBEA1A /* Base */ = {isa = PBXFileReference; lastKnownFileType = file.storyboard; name = Base; path = Base.lproj/LaunchScreen.storyboard; sourceTree = "<group>"; };
		A2D8E2BD2092FEBE00BBEA1A /* Info.plist */ = {isa = PBXFileReference; lastKnownFileType = text.plist.xml; path = Info.plist; sourceTree = "<group>"; };
/* End PBXFileReference section */

/* Begin PBXFrameworksBuildPhase section */
		A2D8E2A82092FEBE00BBEA1A /* Frameworks */ = {
			isa = PBXFrameworksBuildPhase;
			buildActionMask = 2147483647;
			files = (
			);
			runOnlyForDeploymentPostprocessing = 0;
		};
/* End PBXFrameworksBuildPhase section */

/* Begin PBXGroup section */
		A2D8E2A22092FEBD00BBEA1A = {
			isa = PBXGroup;
			children = (
				A2D8E2AD2092FEBE00BBEA1A /* LocationTracker */,
				A2D8E2AC2092FEBE00BBEA1A /* Products */,
			);
			sourceTree = "<group>";
		};
		A2D8E2AC2092FEBE00BBEA1A /* Products */ = {
			isa = PBXGroup;
			children = (
				A2D8E2AB2092FEBE00BBEA1A /* LocationTracker.app */,
			);
			name = Products;
			sourceTree = "<group>";
		};
		A2D8E2AD2092FEBE00BBEA1A /* LocationTracker */ = {
			isa = PBXGroup;
			children = (
				A2D8E2AE2092FEBE00BBEA1A /* AppDelegate.swift */,
				A2D8E2B02092FEBE00BBEA1A /* ViewController.swift */,
				A2D8E2B22092FEBE00BBEA1A /* Main.storyboard */,
				A2D8E2B82092FEBE00BBEA1A /* Assets.xcassets */,
				A2D8E2BA2092FEBE00BBEA1A /* LaunchScreen.storyboard */,
				A2D8E2BD2092FEBE00BBEA1A /* Info.plist */,
				A2D8E2B52092FEBE00BBEA1A /* LocationTracker.xcdatamodeld */,
			);
			path = LocationTracker;
			sourceTree = "<group>";
		};
/* End PBXGroup section */

/* Begin PBXNativeTarget section */
		A2D8E2AA2092FEBE00BBEA1A /* LocationTracker */ = {
			isa = PBXNativeTarget;
			buildConfigurationList = A2D8E2C02092FEBE00BBEA1A /* Build configuration list for PBXNativeTarget "LocationTracker" */;
			buildPhases = (
				A2D8E2A72092FEBE00BBEA1A /* Sources */,
				A2D8E2A82092FEBE00BBEA1A /* Frameworks */,
				A2D8E2A92092FEBE00BBEA1A /* Resources */,
			);
			buildRules = (
			);
			dependencies = (
			);
			name = LocationTracker;
			productName = LocationTracker;
			productReference = A2D8E2AB2092FEBE00BBEA1A /* LocationTracker.app */;
			productType = "com.apple.product-type.application";
		};
/* End PBXNativeTarget section */

/* Begin PBXProject section */
		A2D8E2A32092FEBD00BBEA1A /* Project object */ = {
			isa = PBXProject;
			attributes = {
				LastSwiftUpdateCheck = 0920;
				LastUpgradeCheck = 0920;
				ORGANIZATIONNAME = 8locations;
				TargetAttributes = {
					A2D8E2AA2092FEBE00BBEA1A = {
						CreatedOnToolsVersion = 9.2;
						ProvisioningStyle = Automatic;
					};
				};
			};
			buildConfigurationList = A2D8E2A62092FEBD00BBEA1A /* Build configuration list for PBXProject "LocationTracker" */;
			compatibilityVersion = "Xcode 8.0";
			developmentRegion = en;
			hasScannedForEncodings = 0;
			knownRegions = (
				en,
				Base,
			);
			mainGroup = A2D8E2A22092FEBD00BBEA1A;
			productRefGroup = A2D8E2AC2092FEBE00BBEA1A /* Products */;
			projectDirPath = "";
			projectRoot = "";
			targets = (
				A2D8E2AA2092FEBE00BBEA1A /* LocationTracker */,
			);
		};
/* End PBXProject section */

/* Begin PBXResourcesBuildPhase section */
		A2D8E2A92092FEBE00BBEA1A /* Resources */ = {
			isa = PBXResourcesBuildPhase;
			buildActionMask = 2147483647;
			files = (
				A2D8E2BC2092FEBE00BBEA1A /* LaunchScreen.storyboard in Resources */,
				A2D8E2B92092FEBE00BBEA1A /* Assets.xcassets in Resources */,
				A2D8E2B42092FEBE00BBEA1A /* Main.storyboard in Resources */,
			);
			runOnlyForDeploymentPostprocessing = 0;
		};
/* End PBXResourcesBuildPhase section */

/* Begin PBXSourcesBuildPhase section */
		A2D8E2A72092FEBE00BBEA1A /* Sources */ = {
			isa = PBXSourcesBuildPhase;
			buildActionMask = 2147483647;
			files = (
				A2D8E2B12092FEBE00BBEA1A /* ViewController.swift in Sources */,
				A2D8E2AF2092FEBE00BBEA1A /* AppDelegate.swift in Sources */,
				A2D8E2B72092FEBE00BBEA1A /* LocationTracker.xcdatamodeld in Sources */,
			);
			runOnlyForDeploymentPostprocessing = 0;
		};
/* End PBXSourcesBuildPhase section */

/* Begin PBXVariantGroup section */
		A2D8E2B22092FEBE00BBEA1A /* Main.storyboard */ = {
			isa = PBXVariantGroup;
			children = (
				A2D8E2B32092FEBE00BBEA1A /* Base */,
			);
			name = Main.storyboard;
			sourceTree = "<group>";
		};
		A2D8E2BA2092FEBE00BBEA1A /* LaunchScreen.storyboard */ = {
			isa = PBXVariantGroup;
			children = (
				A2D8E2BB2092FEBE00BBEA1A /* Base */,
			);
			name = LaunchScreen.storyboard;
			sourceTree = "<group>";
		};
/* End PBXVariantGroup section */

/* Begin XCBuildConfiguration section */
		A2D8E2BE2092FEBE00BBEA1A /* Debug */ = {
			isa = XCBuildConfiguration;
			buildSettings = {
				ALWAYS_SEARCH_USER_PATHS = NO;
				CLANG_ANALYZER_NONNULL = YES;
				CLANG_ANALYZER_NUMBER_OBJECT_CONVERSION = YES_AGGRESSIVE;
				CLANG_CXX_LANGUAGE_STANDARD = "gnu++14";
				CLANG_CXX_LIBRARY = "libc++";
				CLANG_ENABLE_MODULES = YES;
				CLANG_ENABLE_OBJC_ARC = YES;
				CLANG_WARN_BLOCK_CAPTURE_AUTORELEASING = YES;
				CLANG_WARN_BOOL_CONVERSION = YES;
				CLANG_WARN_COMMA = YES;
				CLANG_WARN_CONSTANT_CONVERSION = YES;
				CLANG_WARN_DIRECT_OBJC_ISA_USAGE = YES_ERROR;
				CLANG_WARN_DOCUMENTATION_COMMENTS = YES;
				CLANG_WARN_EMPTY_BODY = YES;
				CLANG_WARN_ENUM_CONVERSION = YES;
				CLANG_WARN_INFINITE_RECURSION = YES;
				CLANG_WARN_INT_CONVERSION = YES;
				CLANG_WARN_NON_LITERAL_NULL_CONVERSION = YES;
				CLANG_WARN_OBJC_LITERAL_CONVERSION = YES;
				CLANG_WARN_OBJC_ROOT_CLASS = YES_ERROR;
				CLANG_WARN_RANGE_LOOP_ANALYSIS = YES;
				CLANG_WARN_STRICT_PROTOTYPES = YES;
				CLANG_WARN_SUSPICIOUS_MOVE = YES;
				CLANG_WARN_UNGUARDED_AVAILABILITY = YES_AGGRESSIVE;
				CLANG_WARN_UNREACHABLE_CODE = YES;
				CLANG_WARN__DUPLICATE_METHOD_MATCH = YES;
				CODE_SIGN_IDENTITY = "iPhone Developer";
				COPY_PHASE_STRIP = NO;
				DEBUG_INFORMATION_FORMAT = dwarf;
				ENABLE_STRICT_OBJC_MSGSEND = YES;
				ENABLE_TESTABILITY = YES;
				GCC_C_LANGUAGE_STANDARD = gnu11;
				GCC_DYNAMIC_NO_PIC = NO;
				GCC_NO_COMMON_BLOCKS = YES;
				GCC_OPTIMIZATION_LEVEL = 0;
				GCC_PREPROCESSOR_DEFINITIONS = (
					"DEBUG=1",
					"$(inherited)",
				);
				GCC_WARN_64_TO_32_BIT_CONVERSION = YES;
				GCC_WARN_ABOUT_RETURN_TYPE = YES_ERROR;
				GCC_WARN_UNDECLARED_SELECTOR = YES;
				GCC_WARN_UNINITIALIZED_AUTOS = YES_AGGRESSIVE;
				GCC_WARN_UNUSED_FUNCTION = YES;
				GCC_WARN_UNUSED_VARIABLE = YES;
				IPHONEOS_DEPLOYMENT_TARGET = 11.2;
				MTL_ENABLE_DEBUG_INFO = YES;
				ONLY_ACTIVE_ARCH = YES;
				SDKROOT = iphoneos;
				SWIFT_ACTIVE_COMPILATION_CONDITIONS = DEBUG;
				SWIFT_OPTIMIZATION_LEVEL = "-Onone";
			};
			name = Debug;
		};
		A2D8E2BF2092FEBE00BBEA1A /* Release */ = {
			isa = XCBuildConfiguration;
			buildSettings = {
				ALWAYS_SEARCH_USER_PATHS = NO;
				CLANG_ANALYZER_NONNULL = YES;
				CLANG_ANALYZER_NUMBER_OBJECT_CONVERSION = YES_AGGRESSIVE;
				CLANG_CXX_LANGUAGE_STANDARD = "gnu++14";
				CLANG_CXX_LIBRARY = "libc++";
				CLANG_ENABLE_MODULES = YES;
				CLANG_ENABLE_OBJC_ARC = YES;
				CLANG_WARN_BLOCK_CAPTURE_AUTORELEASING = YES;
				CLANG_WARN_BOOL_CONVERSION = YES;
				CLANG_WARN_COMMA = YES;
				CLANG_WARN_CONSTANT_CONVERSION = YES;
				CLANG_WARN_DIRECT_OBJC_ISA_USAGE = YES_ERROR;
				CLANG_WARN_DOCUMENTATION_COMMENTS = YES;
				CLANG_WARN_EMPTY_BODY = YES;
				CLANG_WARN_ENUM_CONVERSION = YES;
				CLANG_WARN_INFINITE_RECURSION = YES;
				CLANG_WARN_INT_CONVERSION = YES;
				CLANG_WARN_NON_LITERAL_NULL_CONVERSION = YES;
				CLANG_WARN_OBJC_LITERAL_CONVERSION = YES;
				CLANG_WARN_OBJC_ROOT_CLASS = YES_ERROR;
				CLANG_WARN_RANGE_LOOP_ANALYSIS = YES;
				CLANG_WARN_STRICT_PROTOTYPES = YES;
				CLANG_WARN_SUSPICIOUS_MOVE = YES;
				CLANG_WARN_UNGUARDED_AVAILABILITY = YES_AGGRESSIVE;
				CLANG_WARN_UNREACHABLE_CODE = YES;
				CLANG_WARN__DUPLICATE_METHOD_MATCH = YES;
				CODE_SIGN_IDENTITY = "iPhone Developer";
				COPY_PHASE_STRIP = NO;
				DEBUG_INFORMATION_FORMAT = "dwarf-with-dsym";
				ENABLE_NS_ASSERTIONS = NO;
				ENABLE_STRICT_OBJC_MSGSEND = YES;
				GCC_C_LANGUAGE_STANDARD = gnu11;
				GCC_NO_COMMON_BLOCKS = YES;
				GCC_WARN_64_TO_32_BIT_CONVERSION = YES;
				GCC_WARN_ABOUT_RETURN_TYPE = YES_ERROR;
				GCC_WARN_UNDECLARED_SELECTOR = YES;
				GCC_WARN_UNINITIALIZED_AUTOS = YES_AGGRESSIVE;
				GCC_WARN_UNUSED_FUNCTION = YES;
				GCC_WARN_UNUSED_VARIABLE = YES;
				IPHONEOS_DEPLOYMENT_TARGET = 11.2;
				MTL_ENABLE_DEBUG_INFO = NO;
				SDKROOT = iphoneos;
				SWIFT_OPTIMIZATION_LEVEL = "-Owholemodule";
				VALIDATE_PRODUCT = YES;
			};
			name = Release;
		};
		A2D8E2C12092FEBE00BBEA1A /* Debug */ = {
			isa = XCBuildConfiguration;
			buildSettings = {
				ASSETCATALOG_COMPILER_APPICON_NAME = AppIcon;
				CODE_SIGN_STYLE = Automatic;
				DEVELOPMENT_TEAM = ETJQSHNP5L;
				INFOPLIST_FILE = LocationTracker/Info.plist;
				LD_RUNPATH_SEARCH_PATHS = "$(inherited) @executable_path/Frameworks";
				PRODUCT_BUNDLE_IDENTIFIER = com.8locations.LocationTracker;
				PRODUCT_NAME = "$(TARGET_NAME)";
				SWIFT_VERSION = 4.0;
				TARGETED_DEVICE_FAMILY = "1,2";
			};
			name = Debug;
		};
		A2D8E2C22092FEBE00BBEA1A /* Release */ = {
			isa = XCBuildConfiguration;
			buildSettings = {
				ASSETCATALOG_COMPILER_APPICON_NAME = AppIcon;
				CODE_SIGN_STYLE = Automatic;
				DEVELOPMENT_TEAM = ETJQSHNP5L;
				INFOPLIST_FILE = LocationTracker/Info.plist;
				LD_RUNPATH_SEARCH_PATHS = "$(inherited) @executable_path/Frameworks";
				PRODUCT_BUNDLE_IDENTIFIER = com.8locations.LocationTracker;
				PRODUCT_NAME = "$(TARGET_NAME)";
				SWIFT_VERSION = 4.0;
				TARGETED_DEVICE_FAMILY = "1,2";
			};
			name = Release;
		};
/* End XCBuildConfiguration section */

/* Begin XCConfigurationList section */
		A2D8E2A62092FEBD00BBEA1A /* Build configuration list for PBXProject "LocationTracker" */ = {
			isa = XCConfigurationList;
			buildConfigurations = (
				A2D8E2BE2092FEBE00BBEA1A /* Debug */,
				A2D8E2BF2092FEBE00BBEA1A /* Release */,
			);
			defaultConfigurationIsVisible = 0;
			defaultConfigurationName = Release;
		};
		A2D8E2C02092FEBE00BBEA1A /* Build configuration list for PBXNativeTarget "LocationTracker" */ = {
			isa = XCConfigurationList;
			buildConfigurations = (
				A2D8E2C12092FEBE00BBEA1A /* Debug */,
				A2D8E2C22092FEBE00BBEA1A /* Release */,
			);
			defaultConfigurationIsVisible = 0;
			defaultConfigurationName = Release;
		};
/* End XCConfigurationList section */

/* Begin XCVersionGroup section */
		A2D8E2B52092FEBE00BBEA1A /* LocationTracker.xcdatamodeld */ = {
			isa = XCVersionGroup;
			children = (
				A2D8E2B62092FEBE00BBEA1A /* LocationTracker.xcdatamodel */,
			);
			currentVersion = A2D8E2B62092FEBE00BBEA1A /* LocationTracker.xcdatamodel */;
			path = LocationTracker.xcdatamodeld;
			sourceTree = "<group>";
			versionGroupType = wrapper.xcdatamodel;
		};
/* End XCVersionGroup section */
	};
	rootObject = A2D8E2A32092FEBD00BBEA1A /* Project object */;
}
